// !$*UTF8*$!
{
	archiveVersion = 1;
	classes = {
	};
	objectVersion = 77;
	objects = {

/* Begin PBXBuildFile section */
		5FBAAC902F9D000100CDF69E /* ReadiumShared in Frameworks */ = {isa = PBXBuildFile; productRef = 5FBAAC8C2F9D000100CDF69E /* ReadiumShared */; };
		5FBAAC912F9D000100CDF69E /* ReadiumStreamer in Frameworks */ = {isa = PBXBuildFile; productRef = 5FBAAC8D2F9D000100CDF69E /* ReadiumStreamer */; };
		5FBAAC922F9D000100CDF69E /* ReadiumNavigator in Frameworks */ = {isa = PBXBuildFile; productRef = 5FBAAC8E2F9D000100CDF69E /* ReadiumNavigator */; };
		5FBAAC932F9D000100CDF69E /* ReadiumAdapterGCDWebServer in Frameworks */ = {isa = PBXBuildFile; productRef = 5FBAAC8F2F9D000100CDF69E /* ReadiumAdapterGCDWebServer */; };
/* End PBXBuildFile section */

/* Begin PBXFileReference section */
		5FBAAC772F9CB28400CDF69E /* ImmersiveReader.app */ = {isa = PBXFileReference; explicitFileType = wrapper.application; includeInIndex = 0; path = ImmersiveReader.app; sourceTree = BUILT_PRODUCTS_DIR; };
/* End PBXFileReference section */

/* Begin PBXFileSystemSynchronizedRootGroup section */
		5FBAAC792F9CB28400CDF69E /* Immersive Reader */ = {
			isa = PBXFileSystemSynchronizedRootGroup;
			path = "Immersive Reader";
			sourceTree = "<group>";
		};
/* End PBXFileSystemSynchronizedRootGroup section */

/* Begin PBXFrameworksBuildPhase section */
		5FBAAC742F9CB28400CDF69E /* Frameworks */ = {
			isa = PBXFrameworksBuildPhase;
			buildActionMask = 2147483647;
			files = (
				5FBAAC902F9D000100CDF69E /* ReadiumShared in Frameworks */,
				5FBAAC912F9D000100CDF69E /* ReadiumStreamer in Frameworks */,
				5FBAAC922F9D000100CDF69E /* ReadiumNavigator in Frameworks */,
				5FBAAC932F9D000100CDF69E /* ReadiumAdapterGCDWebServer in Frameworks */,
			);
			runOnlyForDeploymentPostprocessing = 0;
		};
/* End PBXFrameworksBuildPhase section */

/* Begin PBXGroup section */
		5FBAAC6E2F9CB28400CDF69E = {
			isa = PBXGroup;
			children = (
				5FBAAC792F9CB28400CDF69E /* Immersive Reader */,
				5FBAAC782F9CB28400CDF69E /* Products */,
			);
			sourceTree = "<group>";
		};
		5FBAAC782F9CB28400CDF69E /* Products */ = {
			isa = PBXGroup;
			children = (
				5FBAAC772F9CB28400CDF69E /* ImmersiveReader.app */,
			);
			name = Products;
			sourceTree = "<group>";
		};
/* End PBXGroup section */

/* Begin PBXNativeTarget section */
		5FBAAC762F9CB28400CDF69E /* Immersive Reader */ = {
			isa = PBXNativeTarget;
			buildConfigurationList = 5FBAAC842F9CB28500CDF69E /* Build configuration list for PBXNativeTarget "Immersive Reader" */;
			buildPhases = (
				5FBAAC732F9CB28400CDF69E /* Sources */,
				5FBAAC742F9CB28400CDF69E /* Frameworks */,
				5FBAAC752F9CB28400CDF69E /* Resources */,
			);
			buildRules = (
			);
			dependencies = (
			);
			fileSystemSynchronizedGroups = (
				5FBAAC792F9CB28400CDF69E /* Immersive Reader */,
			);
			name = "Immersive Reader";
			packageProductDependencies = (
				5FBAAC8C2F9D000100CDF69E /* ReadiumShared */,
				5FBAAC8D2F9D000100CDF69E /* ReadiumStreamer */,
				5FBAAC8E2F9D000100CDF69E /* ReadiumNavigator */,
				5FBAAC8F2F9D000100CDF69E /* ReadiumAdapterGCDWebServer */,
			);
			productName = "Immersive Reader";
			productReference = 5FBAAC772F9CB28400CDF69E /* ImmersiveReader.app */;
			productType = "com.apple.product-type.application";
		};
/* End PBXNativeTarget section */

/* Begin PBXProject section */
		5FBAAC6F2F9CB28400CDF69E /* Project object */ = {
			isa = PBXProject;
			attributes = {
				BuildIndependentTargetsInParallel = 1;
				LastSwiftUpdateCheck = 2640;
				LastUpgradeCheck = 2640;
				TargetAttributes = {
					5FBAAC762F9CB28400CDF69E = {
						CreatedOnToolsVersion = 26.4.1;
					};
				};
			};
			buildConfigurationList = 5FBAAC722F9CB28400CDF69E /* Build configuration list for PBXProject "Immersive Reader" */;
			developmentRegion = en;
			hasScannedForEncodings = 0;
			knownRegions = (
				en,
				Base,
			);
			mainGroup = 5FBAAC6E2F9CB28400CDF69E;
			minimizedProjectReferenceProxies = 1;
			packageReferences = (
				5FBAAC8B2F9D000100CDF69E /* XCRemoteSwiftPackageReference "swift-toolkit" */,
			);
			preferredProjectObjectVersion = 77;
			productRefGroup = 5FBAAC782F9CB28400CDF69E /* Products */;
			projectDirPath = "";
			projectRoot = "";
			targets = (
				5FBAAC762F9CB28400CDF69E /* Immersive Reader */,
			);
		};
/* End PBXProject section */

/* Begin PBXResourcesBuildPhase section */
		5FBAAC752F9CB28400CDF69E /* Resources */ = {
			isa = PBXResourcesBuildPhase;
			buildActionMask = 2147483647;
			files = (
			);
			runOnlyForDeploymentPostprocessing = 0;
		};
/* End PBXResourcesBuildPhase section */

/* Begin PBXSourcesBuildPhase section */
		5FBAAC732F9CB28400CDF69E /* Sources */ = {
			isa = PBXSourcesBuildPhase;
			buildActionMask = 2147483647;
			files = (
			);
			runOnlyForDeploymentPostprocessing = 0;
		};
/* End PBXSourcesBuildPhase section */

/* Begin XCBuildConfiguration section */
		5FBAAC822F9CB28500CDF69E /* Debug */ = {
			isa = XCBuildConfiguration;
			buildSettings = {
				ALWAYS_SEARCH_USER_PATHS = NO;
				ASSETCATALOG_COMPILER_GENERATE_SWIFT_ASSET_SYMBOL_EXTENSIONS = YES;
				CLANG_ANALYZER_NONNULL = YES;
				CLANG_ANALYZER_NUMBER_OBJECT_CONVERSION = YES_AGGRESSIVE;
				CLANG_CXX_LANGUAGE_STANDARD = "gnu++20";
				CLANG_ENABLE_MODULES = YES;
				CLANG_ENABLE_OBJC_ARC = YES;
				CLANG_ENABLE_OBJC_WEAK = YES;
				CLANG_WARN_BLOCK_CAPTURE_AUTORELEASING = YES;
				CLANG_WARN_BOOL_CONVERSION = YES;
				CLANG_WARN_COMMA = YES;
				CLANG_WARN_CONSTANT_CONVERSION = YES;
				CLANG_WARN_DEPRECATED_OBJC_IMPLEMENTATIONS = YES;
				CLANG_WARN_DIRECT_OBJC_ISA_USAGE = YES_ERROR;
				CLANG_WARN_DOCUMENTATION_COMMENTS = YES;
				CLANG_WARN_EMPTY_BODY = YES;
				CLANG_WARN_ENUM_CONVERSION = YES;
				CLANG_WARN_INFINITE_RECURSION = YES;
				CLANG_WARN_INT_CONVERSION = YES;
				CLANG_WARN_NON_LITERAL_NULL_CONVERSION = YES;
				CLANG_WARN_OBJC_IMPLICIT_RETAIN_SELF = YES;
				CLANG_WARN_OBJC_LITERAL_CONVERSION = YES;
				CLANG_WARN_OBJC_ROOT_CLASS = YES_ERROR;
				CLANG_WARN_QUOTED_INCLUDE_IN_FRAMEWORK_HEADER = YES;
				CLANG_WARN_RANGE_LOOP_ANALYSIS = YES;
				CLANG_WARN_STRICT_PROTOTYPES = YES;
				CLANG_WARN_SUSPICIOUS_MOVE = YES;
				CLANG_WARN_UNGUARDED_AVAILABILITY = YES_AGGRESSIVE;
				CLANG_WARN_UNREACHABLE_CODE = YES;
				CLANG_WARN__DUPLICATE_METHOD_MATCH = YES;
				COPY_PHASE_STRIP = NO;
				DEBUG_INFORMATION_FORMAT = dwarf;
				ENABLE_STRICT_OBJC_MSGSEND = YES;
				ENABLE_TESTABILITY = YES;
				ENABLE_USER_SCRIPT_SANDBOXING = YES;
				GCC_C_LANGUAGE_STANDARD = gnu17;
				GCC_DYNAMIC_NO_PIC = NO;
				GCC_NO_COMMON_BLOCKS = YES;
				GCC_OPTIMIZATION_LEVEL = 0;
				GCC_PREPROCESSOR_DEFINITIONS = (
					"DEBUG=1",
					"$(inherited)",
				);
				GCC_WARN_64_TO_32_BIT_CONVERSION = YES;
				GCC_WARN_ABOUT_RETURN_TYPE = YES_ERROR;
				GCC_WARN_UNDECLARED_SELECTOR = YES;
				GCC_WARN_UNINITIALIZED_AUTOS = YES_AGGRESSIVE;
				GCC_WARN_UNUSED_FUNCTION = YES;
				GCC_WARN_UNUSED_VARIABLE = YES;
				LOCALIZATION_PREFERS_STRING_CATALOGS = YES;
				MTL_ENABLE_DEBUG_INFO = INCLUDE_SOURCE;
				MTL_FAST_MATH = YES;
				ONLY_ACTIVE_ARCH = YES;
				SWIFT_ACTIVE_COMPILATION_CONDITIONS = "DEBUG $(inherited)";
				SWIFT_OPTIMIZATION_LEVEL = "-Onone";
			};
			name = Debug;
		};
		5FBAAC832F9CB28500CDF69E /* Release */ = {
			isa = XCBuildConfiguration;
			buildSettings = {
				ALWAYS_SEARCH_USER_PATHS = NO;
				ASSETCATALOG_COMPILER_GENERATE_SWIFT_ASSET_SYMBOL_EXTENSIONS = YES;
				CLANG_ANALYZER_NONNULL = YES;
				CLANG_ANALYZER_NUMBER_OBJECT_CONVERSION = YES_AGGRESSIVE;
				CLANG_CXX_LANGUAGE_STANDARD = "gnu++20";
				CLANG_ENABLE_MODULES = YES;
				CLANG_ENABLE_OBJC_ARC = YES;
				CLANG_ENABLE_OBJC_WEAK = YES;
				CLANG_WARN_BLOCK_CAPTURE_AUTORELEASING = YES;
				CLANG_WARN_BOOL_CONVERSION = YES;
				CLANG_WARN_COMMA = YES;
				CLANG_WARN_CONSTANT_CONVERSION = YES;
				CLANG_WARN_DEPRECATED_OBJC_IMPLEMENTATIONS = YES;
				CLANG_WARN_DIRECT_OBJC_ISA_USAGE = YES_ERROR;
				CLANG_WARN_DOCUMENTATION_COMMENTS = YES;
				CLANG_WARN_EMPTY_BODY = YES;
				CLANG_WARN_ENUM_CONVERSION = YES;
				CLANG_WARN_INFINITE_RECURSION = YES;
				CLANG_WARN_INT_CONVERSION = YES;
				CLANG_WARN_NON_LITERAL_NULL_CONVERSION = YES;
				CLANG_WARN_OBJC_IMPLICIT_RETAIN_SELF = YES;
				CLANG_WARN_OBJC_LITERAL_CONVERSION = YES;
				CLANG_WARN_OBJC_ROOT_CLASS = YES_ERROR;
				CLANG_WARN_QUOTED_INCLUDE_IN_FRAMEWORK_HEADER = YES;
				CLANG_WARN_RANGE_LOOP_ANALYSIS = YES;
				CLANG_WARN_STRICT_PROTOTYPES = YES;
				CLANG_WARN_SUSPICIOUS_MOVE = YES;
				CLANG_WARN_UNGUARDED_AVAILABILITY = YES_AGGRESSIVE;
				CLANG_WARN_UNREACHABLE_CODE = YES;
				CLANG_WARN__DUPLICATE_METHOD_MATCH = YES;
				COPY_PHASE_STRIP = NO;
				DEBUG_INFORMATION_FORMAT = "dwarf-with-dsym";
				ENABLE_NS_ASSERTIONS = NO;
				ENABLE_STRICT_OBJC_MSGSEND = YES;
				ENABLE_USER_SCRIPT_SANDBOXING = YES;
				GCC_C_LANGUAGE_STANDARD = gnu17;
				GCC_NO_COMMON_BLOCKS = YES;
				GCC_WARN_64_TO_32_BIT_CONVERSION = YES;
				GCC_WARN_ABOUT_RETURN_TYPE = YES_ERROR;
				GCC_WARN_UNDECLARED_SELECTOR = YES;
				GCC_WARN_UNINITIALIZED_AUTOS = YES_AGGRESSIVE;
				GCC_WARN_UNUSED_FUNCTION = YES;
				GCC_WARN_UNUSED_VARIABLE = YES;
				LOCALIZATION_PREFERS_STRING_CATALOGS = YES;
				MTL_ENABLE_DEBUG_INFO = NO;
				MTL_FAST_MATH = YES;
				SWIFT_COMPILATION_MODE = wholemodule;
			};
			name = Release;
		};
		5FBAAC852F9CB28500CDF69E /* Debug */ = {
			isa = XCBuildConfiguration;
			buildSettings = {
				ASSETCATALOG_COMPILER_APPICON_NAME = AppIcon;
				ASSETCATALOG_COMPILER_GLOBAL_ACCENT_COLOR_NAME = AccentColor;
				CODE_SIGN_STYLE = Automatic;
				CURRENT_PROJECT_VERSION = 1;
				ENABLE_APP_SANDBOX = YES;
				ENABLE_PREVIEWS = YES;
				ENABLE_USER_SELECTED_FILES = readonly;
				GENERATE_INFOPLIST_FILE = NO;
				INFOPLIST_FILE = "ImmersiveReader-Info.plist";
				IPHONEOS_DEPLOYMENT_TARGET = 26.4;
				LD_RUNPATH_SEARCH_PATHS = "@executable_path/Frameworks";
				"LD_RUNPATH_SEARCH_PATHS[sdk=macosx*]" = "@executable_path/../Frameworks";
				MARKETING_VERSION = 1.0;
				PRODUCT_BUNDLE_IDENTIFIER = "com.f2pgod.Immersive-Reader";
				PRODUCT_NAME = ImmersiveReader;
				REGISTER_APP_GROUPS = YES;
				SDKROOT = auto;
				STRING_CATALOG_GENERATE_SYMBOLS = YES;
				SUPPORTED_PLATFORMS = "iphoneos iphonesimulator macosx xros xrsimulator";
				SWIFT_APPROACHABLE_CONCURRENCY = YES;
				SWIFT_DEFAULT_ACTOR_ISOLATION = MainActor;
				SWIFT_EMIT_LOC_STRINGS = YES;
				SWIFT_UPCOMING_FEATURE_MEMBER_IMPORT_VISIBILITY = YES;
				SWIFT_VERSION = 5.0;
				TARGETED_DEVICE_FAMILY = "1,2";
			};
			name = Debug;
		};
		5FBAAC862F9CB28500CDF69E /* Release */ = {
			isa = XCBuildConfiguration;
			buildSettings = {
				ASSETCATALOG_COMPILER_APPICON_NAME = AppIcon;
				ASSETCATALOG_COMPILER_GLOBAL_ACCENT_COLOR_NAME = AccentColor;
				CODE_SIGN_STYLE = Automatic;
				CURRENT_PROJECT_VERSION = 1;
				ENABLE_APP_SANDBOX = YES;
				ENABLE_PREVIEWS = YES;
				ENABLE_USER_SELECTED_FILES = readonly;
				GENERATE_INFOPLIST_FILE = NO;
				INFOPLIST_FILE = "ImmersiveReader-Info.plist";
				IPHONEOS_DEPLOYMENT_TARGET = 26.4;
				LD_RUNPATH_SEARCH_PATHS = "@executable_path/Frameworks";
				"LD_RUNPATH_SEARCH_PATHS[sdk=macosx*]" = "@executable_path/../Frameworks";
				MARKETING_VERSION = 1.0;
				PRODUCT_BUNDLE_IDENTIFIER = "com.f2pgod.Immersive-Reader";
				PRODUCT_NAME = ImmersiveReader;
				REGISTER_APP_GROUPS = YES;
				SDKROOT = auto;
				STRING_CATALOG_GENERATE_SYMBOLS = YES;
				SUPPORTED_PLATFORMS = "iphoneos iphonesimulator macosx xros xrsimulator";
				SWIFT_APPROACHABLE_CONCURRENCY = YES;
				SWIFT_DEFAULT_ACTOR_ISOLATION = MainActor;
				SWIFT_EMIT_LOC_STRINGS = YES;
				SWIFT_UPCOMING_FEATURE_MEMBER_IMPORT_VISIBILITY = YES;
				SWIFT_VERSION = 5.0;
				TARGETED_DEVICE_FAMILY = "1,2";
			};
			name = Release;
		};
/* End XCBuildConfiguration section */

/* Begin XCConfigurationList section */
		5FBAAC722F9CB28400CDF69E /* Build configuration list for PBXProject "Immersive Reader" */ = {
			isa = XCConfigurationList;
			buildConfigurations = (
				5FBAAC822F9CB28500CDF69E /* Debug */,
				5FBAAC832F9CB28500CDF69E /* Release */,
			);
			defaultConfigurationIsVisible = 0;
			defaultConfigurationName = Release;
		};
		5FBAAC842F9CB28500CDF69E /* Build configuration list for PBXNativeTarget "Immersive Reader" */ = {
			isa = XCConfigurationList;
			buildConfigurations = (
				5FBAAC852F9CB28500CDF69E /* Debug */,
				5FBAAC862F9CB28500CDF69E /* Release */,
			);
			defaultConfigurationIsVisible = 0;
			defaultConfigurationName = Release;
		};
/* End XCConfigurationList section */

/* Begin XCRemoteSwiftPackageReference section */
		5FBAAC8B2F9D000100CDF69E /* XCRemoteSwiftPackageReference "swift-toolkit" */ = {
			isa = XCRemoteSwiftPackageReference;
			repositoryURL = "https://github.com/readium/swift-toolkit.git";
			requirement = {
				kind = upToNextMajorVersion;
				minimumVersion = 3.8.0;
			};
		};
/* End XCRemoteSwiftPackageReference section */

/* Begin XCSwiftPackageProductDependency section */
		5FBAAC8C2F9D000100CDF69E /* ReadiumShared */ = {
			isa = XCSwiftPackageProductDependency;
			package = 5FBAAC8B2F9D000100CDF69E /* XCRemoteSwiftPackageReference "swift-toolkit" */;
			productName = ReadiumShared;
		};
		5FBAAC8D2F9D000100CDF69E /* ReadiumStreamer */ = {
			isa = XCSwiftPackageProductDependency;
			package = 5FBAAC8B2F9D000100CDF69E /* XCRemoteSwiftPackageReference "swift-toolkit" */;
			productName = ReadiumStreamer;
		};
		5FBAAC8E2F9D000100CDF69E /* ReadiumNavigator */ = {
			isa = XCSwiftPackageProductDependency;
			package = 5FBAAC8B2F9D000100CDF69E /* XCRemoteSwiftPackageReference "swift-toolkit" */;
			productName = ReadiumNavigator;
		};
		5FBAAC8F2F9D000100CDF69E /* ReadiumAdapterGCDWebServer */ = {
			isa = XCSwiftPackageProductDependency;
			package = 5FBAAC8B2F9D000100CDF69E /* XCRemoteSwiftPackageReference "swift-toolkit" */;
			productName = ReadiumAdapterGCDWebServer;
		};
/* End XCSwiftPackageProductDependency section */
	};
	rootObject = 5FBAAC6F2F9CB28400CDF69E /* Project object */;
}
